
Microsoft Visual Studio Solution File, Format Version 12.00
# Visual Studio Version 17
VisualStudioVersion = 17.2.32519.379
MinimumVisualStudioVersion = 10.0.40219.1
Project("{9A19103F-16F7-4668-BE54-9A1E7A4F7556}") = "ModbusSpeedTest", "ModbusSpeedTest.csproj", "{ECC0CD21-9B02-4012-A2EF-0DBD4AEB5139}"
EndProject
Project("{9A19103F-16F7-4668-BE54-9A1E7A4F7556}") = "PL.Modbus", "..\..\PL.Modbus\PL.Modbus.csproj", "{AB04CE40-8E4F-466A-9927-5D4D4E4068EC}"
EndProject
Global
	GlobalSection(SolutionConfigurationPlatforms) = preSolution
		Debug|Any CPU = Debug|Any CPU
		Release|Any CPU = Release|Any CPU
	EndGlobalSection
	GlobalSection(ProjectConfigurationPlatforms) = postSolution
		{ECC0CD21-9B02-4012-A2EF-0DBD4AEB5139}.Debug|Any CPU.ActiveCfg = Debug|Any CPU
		{ECC0CD21-9B02-4012-A2EF-0DBD4AEB5139}.Debug|Any CPU.Build.0 = Debug|Any CPU
		{ECC0CD21-9B02-4012-A2EF-0DBD4AEB5139}.Release|Any CPU.ActiveCfg = Release|Any CPU
		{ECC0CD21-9B02-4012-A2EF-0DBD4AEB5139}.Release|Any CPU.Build.0 = Release|Any CPU
		{AB04CE40-8E4F-466A-9927-5D4D4E4068EC}.Debug|Any CPU.ActiveCfg = Debug|Any CPU
		{AB04CE40-8E4F-466A-9927-5D4D4E4068EC}.Debug|Any CPU.Build.0 = Debug|Any CPU
		{AB04CE40-8E4F-466A-9927-5D4D4E4068EC}.Release|Any CPU.ActiveCfg = Release|Any CPU
		{AB04CE40-8E4F-466A-9927-5D4D4E4068EC}.Release|Any CPU.Build.0 = Release|Any CPU
	EndGlobalSection
	GlobalSection(SolutionProperties) = preSolution
		HideSolutionNode = FALSE
	EndGlobalSection
	GlobalSection(ExtensibilityGlobals) = postSolution
		SolutionGuid = {78BF7258-453C-4AEC-BD16-DACD77C55463}
	EndGlobalSection
EndGlobal
